
Microsoft Visual Studio Solution File, Format Version 12.00
# Visual Studio 15
VisualStudioVersion = 15.0.27703.2047
MinimumVisualStudioVersion = 10.0.40219.1
Project("{FAE04EC0-301F-11D3-BF4B-00C04F79EFBC}") = "ConsoleClient", "ConsoleClient\ConsoleClient.csproj", "{C16717D1-F49F-4D10-87B2-475A8F166FF2}"
EndProject
Project("{FAE04EC0-301F-11D3-BF4B-00C04F79EFBC}") = "DataAccess", "DataAccess\DataAccess.csproj", "{00467CF9-14C3-4713-BA50-C4EF641E06E2}"
EndProject
Global
	GlobalSection(SolutionConfigurationPlatforms) = preSolution
		Debug|Any CPU = Debug|Any CPU
		Release|Any CPU = Release|Any CPU
	EndGlobalSection
	GlobalSection(ProjectConfigurationPlatforms) = postSolution
		{C16717D1-F49F-4D10-87B2-475A8F166FF2}.Debug|Any CPU.ActiveCfg = Debug|Any CPU
		{C16717D1-F49F-4D10-87B2-475A8F166FF2}.Debug|Any CPU.Build.0 = Debug|Any CPU
		{C16717D1-F49F-4D10-87B2-475A8F166FF2}.Release|Any CPU.ActiveCfg = Release|Any CPU
		{C16717D1-F49F-4D10-87B2-475A8F166FF2}.Release|Any CPU.Build.0 = Release|Any CPU
		{00467CF9-14C3-4713-BA50-C4EF641E06E2}.Debug|Any CPU.ActiveCfg = Debug|Any CPU
		{00467CF9-14C3-4713-BA50-C4EF641E06E2}.Debug|Any CPU.Build.0 = Debug|Any CPU
		{00467CF9-14C3-4713-BA50-C4EF641E06E2}.Release|Any CPU.ActiveCfg = Release|Any CPU
		{00467CF9-14C3-4713-BA50-C4EF641E06E2}.Release|Any CPU.Build.0 = Release|Any CPU
	EndGlobalSection
	GlobalSection(SolutionProperties) = preSolution
		HideSolutionNode = FALSE
	EndGlobalSection
	GlobalSection(ExtensibilityGlobals) = postSolution
		SolutionGuid = {ED228579-B7F7-4C5C-AABF-F03ED02CFEC5}
	EndGlobalSection
EndGlobal
