
Microsoft Visual Studio Solution File, Format Version 12.00
# Visual Studio 15
VisualStudioVersion = 15.0.28010.0
MinimumVisualStudioVersion = 10.0.40219.1
Project("{FAE04EC0-301F-11D3-BF4B-00C04F79EFBC}") = "PDFApp", "PDFApp\PDFApp.csproj", "{79B05A0B-B410-4EB5-9424-C1492DF0F92A}"
EndProject
Project("{00D1A9C2-B5F0-4AF3-8072-F6C62B433612}") = "DbProject", "DbProject\DbProject.sqlproj", "{14173B65-F79E-4456-BCFF-AF8B5ABD4CC2}"
EndProject
Global
	GlobalSection(SolutionConfigurationPlatforms) = preSolution
		Debug|Any CPU = Debug|Any CPU
		Release|Any CPU = Release|Any CPU
	EndGlobalSection
	GlobalSection(ProjectConfigurationPlatforms) = postSolution
		{79B05A0B-B410-4EB5-9424-C1492DF0F92A}.Debug|Any CPU.ActiveCfg = Debug|Any CPU
		{79B05A0B-B410-4EB5-9424-C1492DF0F92A}.Debug|Any CPU.Build.0 = Debug|Any CPU
		{79B05A0B-B410-4EB5-9424-C1492DF0F92A}.Release|Any CPU.ActiveCfg = Release|Any CPU
		{79B05A0B-B410-4EB5-9424-C1492DF0F92A}.Release|Any CPU.Build.0 = Release|Any CPU
		{14173B65-F79E-4456-BCFF-AF8B5ABD4CC2}.Debug|Any CPU.ActiveCfg = Debug|Any CPU
		{14173B65-F79E-4456-BCFF-AF8B5ABD4CC2}.Debug|Any CPU.Build.0 = Debug|Any CPU
		{14173B65-F79E-4456-BCFF-AF8B5ABD4CC2}.Debug|Any CPU.Deploy.0 = Debug|Any CPU
		{14173B65-F79E-4456-BCFF-AF8B5ABD4CC2}.Release|Any CPU.ActiveCfg = Release|Any CPU
		{14173B65-F79E-4456-BCFF-AF8B5ABD4CC2}.Release|Any CPU.Build.0 = Release|Any CPU
		{14173B65-F79E-4456-BCFF-AF8B5ABD4CC2}.Release|Any CPU.Deploy.0 = Release|Any CPU
	EndGlobalSection
	GlobalSection(SolutionProperties) = preSolution
		HideSolutionNode = FALSE
	EndGlobalSection
	GlobalSection(ExtensibilityGlobals) = postSolution
		SolutionGuid = {C77624EB-B40D-43CE-A0D2-AB118A3CA2E2}
	EndGlobalSection
EndGlobal
