
Microsoft Visual Studio Solution File, Format Version 12.00
# Visual Studio 15
VisualStudioVersion = 15.0.27703.2047
MinimumVisualStudioVersion = 10.0.40219.1
Project("{FAE04EC0-301F-11D3-BF4B-00C04F79EFBC}") = "DataAccess", "DataAccess\DataAccess.csproj", "{F59763AA-FC01-4450-9C3D-63F6BC5A4473}"
EndProject
Project("{FAE04EC0-301F-11D3-BF4B-00C04F79EFBC}") = "OnlineShop.WebClient", "OnlineShop.WebClient\OnlineShop.WebClient.csproj", "{FD295F78-6206-4893-8006-D0BE2A72E511}"
EndProject
Global
	GlobalSection(SolutionConfigurationPlatforms) = preSolution
		Debug|Any CPU = Debug|Any CPU
		Release|Any CPU = Release|Any CPU
	EndGlobalSection
	GlobalSection(ProjectConfigurationPlatforms) = postSolution
		{F59763AA-FC01-4450-9C3D-63F6BC5A4473}.Debug|Any CPU.ActiveCfg = Debug|Any CPU
		{F59763AA-FC01-4450-9C3D-63F6BC5A4473}.Debug|Any CPU.Build.0 = Debug|Any CPU
		{F59763AA-FC01-4450-9C3D-63F6BC5A4473}.Release|Any CPU.ActiveCfg = Release|Any CPU
		{F59763AA-FC01-4450-9C3D-63F6BC5A4473}.Release|Any CPU.Build.0 = Release|Any CPU
		{FD295F78-6206-4893-8006-D0BE2A72E511}.Debug|Any CPU.ActiveCfg = Debug|Any CPU
		{FD295F78-6206-4893-8006-D0BE2A72E511}.Debug|Any CPU.Build.0 = Debug|Any CPU
		{FD295F78-6206-4893-8006-D0BE2A72E511}.Release|Any CPU.ActiveCfg = Release|Any CPU
		{FD295F78-6206-4893-8006-D0BE2A72E511}.Release|Any CPU.Build.0 = Release|Any CPU
	EndGlobalSection
	GlobalSection(SolutionProperties) = preSolution
		HideSolutionNode = FALSE
	EndGlobalSection
	GlobalSection(ExtensibilityGlobals) = postSolution
		SolutionGuid = {97AABA51-AE9C-4A44-82DD-8A69D1C5FA67}
	EndGlobalSection
EndGlobal
